
Microsoft Visual Studio Solution File, Format Version 12.00
# Visual Studio Version 16
VisualStudioVersion = 16.0.30413.136
MinimumVisualStudioVersion = 10.0.40219.1
Project("{FAE04EC0-301F-11D3-BF4B-00C04F79EFBC}") = "TokoManagerV2", "TokoManagerV2\TokoManagerV2\TokoManagerV2.csproj", "{05267B11-2F6C-4B78-B099-276A03BE41A5}"
EndProject
Project("{FAE04EC0-301F-11D3-BF4B-00C04F79EFBC}") = "TokoManagerV2.Android", "TokoManagerV2\TokoManagerV2.Android\TokoManagerV2.Android.csproj", "{D274C1C0-1F5B-4C2B-B608-E10E0E24EC1B}"
EndProject
Project("{FAE04EC0-301F-11D3-BF4B-00C04F79EFBC}") = "TokoManagerV2.iOS", "TokoManagerV2\TokoManagerV2.iOS\TokoManagerV2.iOS.csproj", "{DB78695C-F6D7-42AA-9A0E-0E6E1978DDAE}"
EndProject
Project("{FAE04EC0-301F-11D3-BF4B-00C04F79EFBC}") = "TokoManagerV2.UWP", "TokoManagerV2\TokoManagerV2.UWP\TokoManagerV2.UWP.csproj", "{598D82B0-09D4-4396-A0CC-63E0C8C1D6F3}"
EndProject
Global
	GlobalSection(SolutionConfigurationPlatforms) = preSolution
		Ad-Hoc|Any CPU = Ad-Hoc|Any CPU
		Ad-Hoc|ARM = Ad-Hoc|ARM
		Ad-Hoc|iPhone = Ad-Hoc|iPhone
		Ad-Hoc|iPhoneSimulator = Ad-Hoc|iPhoneSimulator
		Ad-Hoc|x64 = Ad-Hoc|x64
		Ad-Hoc|x86 = Ad-Hoc|x86
		AppStore|Any CPU = AppStore|Any CPU
		AppStore|ARM = AppStore|ARM
		AppStore|iPhone = AppStore|iPhone
		AppStore|iPhoneSimulator = AppStore|iPhoneSimulator
		AppStore|x64 = AppStore|x64
		AppStore|x86 = AppStore|x86
		Debug|Any CPU = Debug|Any CPU
		Debug|ARM = Debug|ARM
		Debug|iPhone = Debug|iPhone
		Debug|iPhoneSimulator = Debug|iPhoneSimulator
		Debug|x64 = Debug|x64
		Debug|x86 = Debug|x86
		Release|Any CPU = Release|Any CPU
		Release|ARM = Release|ARM
		Release|iPhone = Release|iPhone
		Release|iPhoneSimulator = Release|iPhoneSimulator
		Release|x64 = Release|x64
		Release|x86 = Release|x86
	EndGlobalSection
	GlobalSection(ProjectConfigurationPlatforms) = postSolution
		{05267B11-2F6C-4B78-B099-276A03BE41A5}.Ad-Hoc|Any CPU.ActiveCfg = Debug|Any CPU
		{05267B11-2F6C-4B78-B099-276A03BE41A5}.Ad-Hoc|Any CPU.Build.0 = Debug|Any CPU
		{05267B11-2F6C-4B78-B099-276A03BE41A5}.Ad-Hoc|ARM.ActiveCfg = Debug|Any CPU
		{05267B11-2F6C-4B78-B099-276A03BE41A5}.Ad-Hoc|ARM.Build.0 = Debug|Any CPU
		{05267B11-2F6C-4B78-B099-276A03BE41A5}.Ad-Hoc|iPhone.ActiveCfg = Debug|Any CPU
		{05267B11-2F6C-4B78-B099-276A03BE41A5}.Ad-Hoc|iPhone.Build.0 = Debug|Any CPU
		{05267B11-2F6C-4B78-B099-276A03BE41A5}.Ad-Hoc|iPhoneSimulator.ActiveCfg = Debug|Any CPU
		{05267B11-2F6C-4B78-B099-276A03BE41A5}.Ad-Hoc|iPhoneSimulator.Build.0 = Debug|Any CPU
		{05267B11-2F6C-4B78-B099-276A03BE41A5}.Ad-Hoc|x64.ActiveCfg = Debug|Any CPU
		{05267B11-2F6C-4B78-B099-276A03BE41A5}.Ad-Hoc|x64.Build.0 = Debug|Any CPU
		{05267B11-2F6C-4B78-B099-276A03BE41A5}.Ad-Hoc|x86.ActiveCfg = Debug|Any CPU
		{05267B11-2F6C-4B78-B099-276A03BE41A5}.Ad-Hoc|x86.Build.0 = Debug|Any CPU
		{05267B11-2F6C-4B78-B099-276A03BE41A5}.AppStore|Any CPU.ActiveCfg = Debug|Any CPU
		{05267B11-2F6C-4B78-B099-276A03BE41A5}.AppStore|Any CPU.Build.0 = Debug|Any CPU
		{05267B11-2F6C-4B78-B099-276A03BE41A5}.AppStore|ARM.ActiveCfg = Debug|Any CPU
		{05267B11-2F6C-4B78-B099-276A03BE41A5}.AppStore|ARM.Build.0 = Debug|Any CPU
		{05267B11-2F6C-4B78-B099-276A03BE41A5}.AppStore|iPhone.ActiveCfg = Debug|Any CPU
		{05267B11-2F6C-4B78-B099-276A03BE41A5}.AppStore|iPhone.Build.0 = Debug|Any CPU
		{05267B11-2F6C-4B78-B099-276A03BE41A5}.AppStore|iPhoneSimulator.ActiveCfg = Debug|Any CPU
		{05267B11-2F6C-4B78-B099-276A03BE41A5}.AppStore|iPhoneSimulator.Build.0 = Debug|Any CPU
		{05267B11-2F6C-4B78-B099-276A03BE41A5}.AppStore|x64.ActiveCfg = Debug|Any CPU
		{05267B11-2F6C-4B78-B099-276A03BE41A5}.AppStore|x64.Build.0 = Debug|Any CPU
		{05267B11-2F6C-4B78-B099-276A03BE41A5}.AppStore|x86.ActiveCfg = Debug|Any CPU
		{05267B11-2F6C-4B78-B099-276A03BE41A5}.AppStore|x86.Build.0 = Debug|Any CPU
		{05267B11-2F6C-4B78-B099-276A03BE41A5}.Debug|Any CPU.ActiveCfg = Debug|Any CPU
		{05267B11-2F6C-4B78-B099-276A03BE41A5}.Debug|Any CPU.Build.0 = Debug|Any CPU
		{05267B11-2F6C-4B78-B099-276A03BE41A5}.Debug|ARM.ActiveCfg = Debug|Any CPU
		{05267B11-2F6C-4B78-B099-276A03BE41A5}.Debug|ARM.Build.0 = Debug|Any CPU
		{05267B11-2F6C-4B78-B099-276A03BE41A5}.Debug|iPhone.ActiveCfg = Debug|Any CPU
		{05267B11-2F6C-4B78-B099-276A03BE41A5}.Debug|iPhone.Build.0 = Debug|Any CPU
		{05267B11-2F6C-4B78-B099-276A03BE41A5}.Debug|iPhoneSimulator.ActiveCfg = Debug|Any CPU
		{05267B11-2F6C-4B78-B099-276A03BE41A5}.Debug|iPhoneSimulator.Build.0 = Debug|Any CPU
		{05267B11-2F6C-4B78-B099-276A03BE41A5}.Debug|x64.ActiveCfg = Debug|Any CPU
		{05267B11-2F6C-4B78-B099-276A03BE41A5}.Debug|x64.Build.0 = Debug|Any CPU
		{05267B11-2F6C-4B78-B099-276A03BE41A5}.Debug|x86.ActiveCfg = Debug|Any CPU
		{05267B11-2F6C-4B78-B099-276A03BE41A5}.Debug|x86.Build.0 = Debug|Any CPU
		{05267B11-2F6C-4B78-B099-276A03BE41A5}.Release|Any CPU.ActiveCfg = Release|Any CPU
		{05267B11-2F6C-4B78-B099-276A03BE41A5}.Release|Any CPU.Build.0 = Release|Any CPU
		{05267B11-2F6C-4B78-B099-276A03BE41A5}.Release|ARM.ActiveCfg = Release|Any CPU
		{05267B11-2F6C-4B78-B099-276A03BE41A5}.Release|ARM.Build.0 = Release|Any CPU
		{05267B11-2F6C-4B78-B099-276A03BE41A5}.Release|iPhone.ActiveCfg = Release|Any CPU
		{05267B11-2F6C-4B78-B099-276A03BE41A5}.Release|iPhone.Build.0 = Release|Any CPU
		{05267B11-2F6C-4B78-B099-276A03BE41A5}.Release|iPhoneSimulator.ActiveCfg = Release|Any CPU
		{05267B11-2F6C-4B78-B099-276A03BE41A5}.Release|iPhoneSimulator.Build.0 = Release|Any CPU
		{05267B11-2F6C-4B78-B099-276A03BE41A5}.Release|x64.ActiveCfg = Release|Any CPU
		{05267B11-2F6C-4B78-B099-276A03BE41A5}.Release|x64.Build.0 = Release|Any CPU
		{05267B11-2F6C-4B78-B099-276A03BE41A5}.Release|x86.ActiveCfg = Release|Any CPU
		{05267B11-2F6C-4B78-B099-276A03BE41A5}.Release|x86.Build.0 = Release|Any CPU
		{D274C1C0-1F5B-4C2B-B608-E10E0E24EC1B}.Ad-Hoc|Any CPU.ActiveCfg = Release|Any CPU
		{D274C1C0-1F5B-4C2B-B608-E10E0E24EC1B}.Ad-Hoc|Any CPU.Build.0 = Release|Any CPU
		{D274C1C0-1F5B-4C2B-B608-E10E0E24EC1B}.Ad-Hoc|Any CPU.Deploy.0 = Release|Any CPU
		{D274C1C0-1F5B-4C2B-B608-E10E0E24EC1B}.Ad-Hoc|ARM.ActiveCfg = Release|Any CPU
		{D274C1C0-1F5B-4C2B-B608-E10E0E24EC1B}.Ad-Hoc|ARM.Build.0 = Release|Any CPU
		{D274C1C0-1F5B-4C2B-B608-E10E0E24EC1B}.Ad-Hoc|ARM.Deploy.0 = Release|Any CPU
		{D274C1C0-1F5B-4C2B-B608-E10E0E24EC1B}.Ad-Hoc|iPhone.ActiveCfg = Release|Any CPU
		{D274C1C0-1F5B-4C2B-B608-E10E0E24EC1B}.Ad-Hoc|iPhone.Build.0 = Release|Any CPU
		{D274C1C0-1F5B-4C2B-B608-E10E0E24EC1B}.Ad-Hoc|iPhone.Deploy.0 = Release|Any CPU
		{D274C1C0-1F5B-4C2B-B608-E10E0E24EC1B}.Ad-Hoc|iPhoneSimulator.ActiveCfg = Release|Any CPU
		{D274C1C0-1F5B-4C2B-B608-E10E0E24EC1B}.Ad-Hoc|iPhoneSimulator.Build.0 = Release|Any CPU
		{D274C1C0-1F5B-4C2B-B608-E10E0E24EC1B}.Ad-Hoc|iPhoneSimulator.Deploy.0 = Release|Any CPU
		{D274C1C0-1F5B-4C2B-B608-E10E0E24EC1B}.Ad-Hoc|x64.ActiveCfg = Release|Any CPU
		{D274C1C0-1F5B-4C2B-B608-E10E0E24EC1B}.Ad-Hoc|x64.Build.0 = Release|Any CPU
		{D274C1C0-1F5B-4C2B-B608-E10E0E24EC1B}.Ad-Hoc|x64.Deploy.0 = Release|Any CPU
		{D274C1C0-1F5B-4C2B-B608-E10E0E24EC1B}.Ad-Hoc|x86.ActiveCfg = Release|Any CPU
		{D274C1C0-1F5B-4C2B-B608-E10E0E24EC1B}.Ad-Hoc|x86.Build.0 = Release|Any CPU
		{D274C1C0-1F5B-4C2B-B608-E10E0E24EC1B}.Ad-Hoc|x86.Deploy.0 = Release|Any CPU
		{D274C1C0-1F5B-4C2B-B608-E10E0E24EC1B}.AppStore|Any CPU.ActiveCfg = Release|Any CPU
		{D274C1C0-1F5B-4C2B-B608-E10E0E24EC1B}.AppStore|Any CPU.Build.0 = Release|Any CPU
		{D274C1C0-1F5B-4C2B-B608-E10E0E24EC1B}.AppStore|Any CPU.Deploy.0 = Release|Any CPU
		{D274C1C0-1F5B-4C2B-B608-E10E0E24EC1B}.AppStore|ARM.ActiveCfg = Release|Any CPU
		{D274C1C0-1F5B-4C2B-B608-E10E0E24EC1B}.AppStore|ARM.Build.0 = Release|Any CPU
		{D274C1C0-1F5B-4C2B-B608-E10E0E24EC1B}.AppStore|ARM.Deploy.0 = Release|Any CPU
		{D274C1C0-1F5B-4C2B-B608-E10E0E24EC1B}.AppStore|iPhone.ActiveCfg = Release|Any CPU
		{D274C1C0-1F5B-4C2B-B608-E10E0E24EC1B}.AppStore|iPhone.Build.0 = Release|Any CPU
		{D274C1C0-1F5B-4C2B-B608-E10E0E24EC1B}.AppStore|iPhone.Deploy.0 = Release|Any CPU
		{D274C1C0-1F5B-4C2B-B608-E10E0E24EC1B}.AppStore|iPhoneSimulator.ActiveCfg = Release|Any CPU
		{D274C1C0-1F5B-4C2B-B608-E10E0E24EC1B}.AppStore|iPhoneSimulator.Build.0 = Release|Any CPU
		{D274C1C0-1F5B-4C2B-B608-E10E0E24EC1B}.AppStore|iPhoneSimulator.Deploy.0 = Release|Any CPU
		{D274C1C0-1F5B-4C2B-B608-E10E0E24EC1B}.AppStore|x64.ActiveCfg = Release|Any CPU
		{D274C1C0-1F5B-4C2B-B608-E10E0E24EC1B}.AppStore|x64.Build.0 = Release|Any CPU
		{D274C1C0-1F5B-4C2B-B608-E10E0E24EC1B}.AppStore|x64.Deploy.0 = Release|Any CPU
		{D274C1C0-1F5B-4C2B-B608-E10E0E24EC1B}.AppStore|x86.ActiveCfg = Release|Any CPU
		{D274C1C0-1F5B-4C2B-B608-E10E0E24EC1B}.AppStore|x86.Build.0 = Release|Any CPU
		{D274C1C0-1F5B-4C2B-B608-E10E0E24EC1B}.AppStore|x86.Deploy.0 = Release|Any CPU
		{D274C1C0-1F5B-4C2B-B608-E10E0E24EC1B}.Debug|Any CPU.ActiveCfg = Debug|Any CPU
		{D274C1C0-1F5B-4C2B-B608-E10E0E24EC1B}.Debug|Any CPU.Build.0 = Debug|Any CPU
		{D274C1C0-1F5B-4C2B-B608-E10E0E24EC1B}.Debug|Any CPU.Deploy.0 = Debug|Any CPU
		{D274C1C0-1F5B-4C2B-B608-E10E0E24EC1B}.Debug|ARM.ActiveCfg = Debug|Any CPU
		{D274C1C0-1F5B-4C2B-B608-E10E0E24EC1B}.Debug|ARM.Build.0 = Debug|Any CPU
		{D274C1C0-1F5B-4C2B-B608-E10E0E24EC1B}.Debug|ARM.Deploy.0 = Debug|Any CPU
		{D274C1C0-1F5B-4C2B-B608-E10E0E24EC1B}.Debug|iPhone.ActiveCfg = Debug|Any CPU
		{D274C1C0-1F5B-4C2B-B608-E10E0E24EC1B}.Debug|iPhone.Build.0 = Debug|Any CPU
		{D274C1C0-1F5B-4C2B-B608-E10E0E24EC1B}.Debug|iPhone.Deploy.0 = Debug|Any CPU
		{D274C1C0-1F5B-4C2B-B608-E10E0E24EC1B}.Debug|iPhoneSimulator.ActiveCfg = Debug|Any CPU
		{D274C1C0-1F5B-4C2B-B608-E10E0E24EC1B}.Debug|iPhoneSimulator.Build.0 = Debug|Any CPU
		{D274C1C0-1F5B-4C2B-B608-E10E0E24EC1B}.Debug|iPhoneSimulator.Deploy.0 = Debug|Any CPU
		{D274C1C0-1F5B-4C2B-B608-E10E0E24EC1B}.Debug|x64.ActiveCfg = Debug|Any CPU
		{D274C1C0-1F5B-4C2B-B608-E10E0E24EC1B}.Debug|x64.Build.0 = Debug|Any CPU
		{D274C1C0-1F5B-4C2B-B608-E10E0E24EC1B}.Debug|x64.Deploy.0 = Debug|Any CPU
		{D274C1C0-1F5B-4C2B-B608-E10E0E24EC1B}.Debug|x86.ActiveCfg = Debug|Any CPU
		{D274C1C0-1F5B-4C2B-B608-E10E0E24EC1B}.Debug|x86.Build.0 = Debug|Any CPU
		{D274C1C0-1F5B-4C2B-B608-E10E0E24EC1B}.Debug|x86.Deploy.0 = Debug|Any CPU
		{D274C1C0-1F5B-4C2B-B608-E10E0E24EC1B}.Release|Any CPU.ActiveCfg = Release|Any CPU
		{D274C1C0-1F5B-4C2B-B608-E10E0E24EC1B}.Release|Any CPU.Build.0 = Release|Any CPU
		{D274C1C0-1F5B-4C2B-B608-E10E0E24EC1B}.Release|Any CPU.Deploy.0 = Release|Any CPU
		{D274C1C0-1F5B-4C2B-B608-E10E0E24EC1B}.Release|ARM.ActiveCfg = Release|Any CPU
		{D274C1C0-1F5B-4C2B-B608-E10E0E24EC1B}.Release|ARM.Build.0 = Release|Any CPU
		{D274C1C0-1F5B-4C2B-B608-E10E0E24EC1B}.Release|ARM.Deploy.0 = Release|Any CPU
		{D274C1C0-1F5B-4C2B-B608-E10E0E24EC1B}.Release|iPhone.ActiveCfg = Release|Any CPU
		{D274C1C0-1F5B-4C2B-B608-E10E0E24EC1B}.Release|iPhone.Build.0 = Release|Any CPU
		{D274C1C0-1F5B-4C2B-B608-E10E0E24EC1B}.Release|iPhone.Deploy.0 = Release|Any CPU
		{D274C1C0-1F5B-4C2B-B608-E10E0E24EC1B}.Release|iPhoneSimulator.ActiveCfg = Release|Any CPU
		{D274C1C0-1F5B-4C2B-B608-E10E0E24EC1B}.Release|iPhoneSimulator.Build.0 = Release|Any CPU
		{D274C1C0-1F5B-4C2B-B608-E10E0E24EC1B}.Release|iPhoneSimulator.Deploy.0 = Release|Any CPU
		{D274C1C0-1F5B-4C2B-B608-E10E0E24EC1B}.Release|x64.ActiveCfg = Release|Any CPU
		{D274C1C0-1F5B-4C2B-B608-E10E0E24EC1B}.Release|x64.Build.0 = Release|Any CPU
		{D274C1C0-1F5B-4C2B-B608-E10E0E24EC1B}.Release|x64.Deploy.0 = Release|Any CPU
		{D274C1C0-1F5B-4C2B-B608-E10E0E24EC1B}.Release|x86.ActiveCfg = Release|Any CPU
		{D274C1C0-1F5B-4C2B-B608-E10E0E24EC1B}.Release|x86.Build.0 = Release|Any CPU
		{D274C1C0-1F5B-4C2B-B608-E10E0E24EC1B}.Release|x86.Deploy.0 = Release|Any CPU
		{DB78695C-F6D7-42AA-9A0E-0E6E1978DDAE}.Ad-Hoc|Any CPU.ActiveCfg = Ad-Hoc|iPhone
		{DB78695C-F6D7-42AA-9A0E-0E6E1978DDAE}.Ad-Hoc|ARM.ActiveCfg = Ad-Hoc|iPhone
		{DB78695C-F6D7-42AA-9A0E-0E6E1978DDAE}.Ad-Hoc|iPhone.ActiveCfg = Ad-Hoc|iPhone
		{DB78695C-F6D7-42AA-9A0E-0E6E1978DDAE}.Ad-Hoc|iPhone.Build.0 = Ad-Hoc|iPhone
		{DB78695C-F6D7-42AA-9A0E-0E6E1978DDAE}.Ad-Hoc|iPhoneSimulator.ActiveCfg = Ad-Hoc|iPhoneSimulator
		{DB78695C-F6D7-42AA-9A0E-0E6E1978DDAE}.Ad-Hoc|iPhoneSimulator.Build.0 = Ad-Hoc|iPhoneSimulator
		{DB78695C-F6D7-42AA-9A0E-0E6E1978DDAE}.Ad-Hoc|x64.ActiveCfg = Ad-Hoc|iPhone
		{DB78695C-F6D7-42AA-9A0E-0E6E1978DDAE}.Ad-Hoc|x86.ActiveCfg = Ad-Hoc|iPhone
		{DB78695C-F6D7-42AA-9A0E-0E6E1978DDAE}.AppStore|Any CPU.ActiveCfg = AppStore|iPhone
		{DB78695C-F6D7-42AA-9A0E-0E6E1978DDAE}.AppStore|ARM.ActiveCfg = AppStore|iPhone
		{DB78695C-F6D7-42AA-9A0E-0E6E1978DDAE}.AppStore|iPhone.ActiveCfg = AppStore|iPhone
		{DB78695C-F6D7-42AA-9A0E-0E6E1978DDAE}.AppStore|iPhone.Build.0 = AppStore|iPhone
		{DB78695C-F6D7-42AA-9A0E-0E6E1978DDAE}.AppStore|iPhoneSimulator.ActiveCfg = AppStore|iPhoneSimulator
		{DB78695C-F6D7-42AA-9A0E-0E6E1978DDAE}.AppStore|iPhoneSimulator.Build.0 = AppStore|iPhoneSimulator
		{DB78695C-F6D7-42AA-9A0E-0E6E1978DDAE}.AppStore|x64.ActiveCfg = AppStore|iPhone
		{DB78695C-F6D7-42AA-9A0E-0E6E1978DDAE}.AppStore|x86.ActiveCfg = AppStore|iPhone
		{DB78695C-F6D7-42AA-9A0E-0E6E1978DDAE}.Debug|Any CPU.ActiveCfg = Debug|iPhone
		{DB78695C-F6D7-42AA-9A0E-0E6E1978DDAE}.Debug|ARM.ActiveCfg = Debug|iPhone
		{DB78695C-F6D7-42AA-9A0E-0E6E1978DDAE}.Debug|iPhone.ActiveCfg = Debug|iPhone
		{DB78695C-F6D7-42AA-9A0E-0E6E1978DDAE}.Debug|iPhone.Build.0 = Debug|iPhone
		{DB78695C-F6D7-42AA-9A0E-0E6E1978DDAE}.Debug|iPhoneSimulator.ActiveCfg = Debug|iPhoneSimulator
		{DB78695C-F6D7-42AA-9A0E-0E6E1978DDAE}.Debug|iPhoneSimulator.Build.0 = Debug|iPhoneSimulator
		{DB78695C-F6D7-42AA-9A0E-0E6E1978DDAE}.Debug|x64.ActiveCfg = Debug|iPhone
		{DB78695C-F6D7-42AA-9A0E-0E6E1978DDAE}.Debug|x86.ActiveCfg = Debug|iPhone
		{DB78695C-F6D7-42AA-9A0E-0E6E1978DDAE}.Release|Any CPU.ActiveCfg = Release|iPhone
		{DB78695C-F6D7-42AA-9A0E-0E6E1978DDAE}.Release|ARM.ActiveCfg = Release|iPhone
		{DB78695C-F6D7-42AA-9A0E-0E6E1978DDAE}.Release|iPhone.ActiveCfg = Release|iPhone
		{DB78695C-F6D7-42AA-9A0E-0E6E1978DDAE}.Release|iPhone.Build.0 = Release|iPhone
		{DB78695C-F6D7-42AA-9A0E-0E6E1978DDAE}.Release|iPhoneSimulator.ActiveCfg = Release|iPhoneSimulator
		{DB78695C-F6D7-42AA-9A0E-0E6E1978DDAE}.Release|iPhoneSimulator.Build.0 = Release|iPhoneSimulator
		{DB78695C-F6D7-42AA-9A0E-0E6E1978DDAE}.Release|x64.ActiveCfg = Release|iPhone
		{DB78695C-F6D7-42AA-9A0E-0E6E1978DDAE}.Release|x86.ActiveCfg = Release|iPhone
		{598D82B0-09D4-4396-A0CC-63E0C8C1D6F3}.Ad-Hoc|Any CPU.ActiveCfg = Release|x86
		{598D82B0-09D4-4396-A0CC-63E0C8C1D6F3}.Ad-Hoc|Any CPU.Build.0 = Release|x86
		{598D82B0-09D4-4396-A0CC-63E0C8C1D6F3}.Ad-Hoc|Any CPU.Deploy.0 = Release|x86
		{598D82B0-09D4-4396-A0CC-63E0C8C1D6F3}.Ad-Hoc|ARM.ActiveCfg = Release|ARM
		{598D82B0-09D4-4396-A0CC-63E0C8C1D6F3}.Ad-Hoc|ARM.Build.0 = Release|ARM
		{598D82B0-09D4-4396-A0CC-63E0C8C1D6F3}.Ad-Hoc|ARM.Deploy.0 = Release|ARM
		{598D82B0-09D4-4396-A0CC-63E0C8C1D6F3}.Ad-Hoc|iPhone.ActiveCfg = Release|x86
		{598D82B0-09D4-4396-A0CC-63E0C8C1D6F3}.Ad-Hoc|iPhone.Build.0 = Release|x86
		{598D82B0-09D4-4396-A0CC-63E0C8C1D6F3}.Ad-Hoc|iPhone.Deploy.0 = Release|x86
		{598D82B0-09D4-4396-A0CC-63E0C8C1D6F3}.Ad-Hoc|iPhoneSimulator.ActiveCfg = Release|x86
		{598D82B0-09D4-4396-A0CC-63E0C8C1D6F3}.Ad-Hoc|iPhoneSimulator.Build.0 = Release|x86
		{598D82B0-09D4-4396-A0CC-63E0C8C1D6F3}.Ad-Hoc|iPhoneSimulator.Deploy.0 = Release|x86
		{598D82B0-09D4-4396-A0CC-63E0C8C1D6F3}.Ad-Hoc|x64.ActiveCfg = Release|x64
		{598D82B0-09D4-4396-A0CC-63E0C8C1D6F3}.Ad-Hoc|x64.Build.0 = Release|x64
		{598D82B0-09D4-4396-A0CC-63E0C8C1D6F3}.Ad-Hoc|x64.Deploy.0 = Release|x64
		{598D82B0-09D4-4396-A0CC-63E0C8C1D6F3}.Ad-Hoc|x86.ActiveCfg = Release|x86
		{598D82B0-09D4-4396-A0CC-63E0C8C1D6F3}.Ad-Hoc|x86.Build.0 = Release|x86
		{598D82B0-09D4-4396-A0CC-63E0C8C1D6F3}.Ad-Hoc|x86.Deploy.0 = Release|x86
		{598D82B0-09D4-4396-A0CC-63E0C8C1D6F3}.AppStore|Any CPU.ActiveCfg = Release|x86
		{598D82B0-09D4-4396-A0CC-63E0C8C1D6F3}.AppStore|Any CPU.Build.0 = Release|x86
		{598D82B0-09D4-4396-A0CC-63E0C8C1D6F3}.AppStore|Any CPU.Deploy.0 = Release|x86
		{598D82B0-09D4-4396-A0CC-63E0C8C1D6F3}.AppStore|ARM.ActiveCfg = Release|ARM
		{598D82B0-09D4-4396-A0CC-63E0C8C1D6F3}.AppStore|ARM.Build.0 = Release|ARM
		{598D82B0-09D4-4396-A0CC-63E0C8C1D6F3}.AppStore|ARM.Deploy.0 = Release|ARM
		{598D82B0-09D4-4396-A0CC-63E0C8C1D6F3}.AppStore|iPhone.ActiveCfg = Release|x86
		{598D82B0-09D4-4396-A0CC-63E0C8C1D6F3}.AppStore|iPhone.Build.0 = Release|x86
		{598D82B0-09D4-4396-A0CC-63E0C8C1D6F3}.AppStore|iPhone.Deploy.0 = Release|x86
		{598D82B0-09D4-4396-A0CC-63E0C8C1D6F3}.AppStore|iPhoneSimulator.ActiveCfg = Release|x86
		{598D82B0-09D4-4396-A0CC-63E0C8C1D6F3}.AppStore|iPhoneSimulator.Build.0 = Release|x86
		{598D82B0-09D4-4396-A0CC-63E0C8C1D6F3}.AppStore|iPhoneSimulator.Deploy.0 = Release|x86
		{598D82B0-09D4-4396-A0CC-63E0C8C1D6F3}.AppStore|x64.ActiveCfg = Release|x64
		{598D82B0-09D4-4396-A0CC-63E0C8C1D6F3}.AppStore|x64.Build.0 = Release|x64
		{598D82B0-09D4-4396-A0CC-63E0C8C1D6F3}.AppStore|x64.Deploy.0 = Release|x64
		{598D82B0-09D4-4396-A0CC-63E0C8C1D6F3}.AppStore|x86.ActiveCfg = Release|x86
		{598D82B0-09D4-4396-A0CC-63E0C8C1D6F3}.AppStore|x86.Build.0 = Release|x86
		{598D82B0-09D4-4396-A0CC-63E0C8C1D6F3}.AppStore|x86.Deploy.0 = Release|x86
		{598D82B0-09D4-4396-A0CC-63E0C8C1D6F3}.Debug|Any CPU.ActiveCfg = Debug|x86
		{598D82B0-09D4-4396-A0CC-63E0C8C1D6F3}.Debug|Any CPU.Build.0 = Debug|x86
		{598D82B0-09D4-4396-A0CC-63E0C8C1D6F3}.Debug|Any CPU.Deploy.0 = Debug|x86
		{598D82B0-09D4-4396-A0CC-63E0C8C1D6F3}.Debug|ARM.ActiveCfg = Debug|ARM
		{598D82B0-09D4-4396-A0CC-63E0C8C1D6F3}.Debug|ARM.Build.0 = Debug|ARM
		{598D82B0-09D4-4396-A0CC-63E0C8C1D6F3}.Debug|ARM.Deploy.0 = Debug|ARM
		{598D82B0-09D4-4396-A0CC-63E0C8C1D6F3}.Debug|iPhone.ActiveCfg = Debug|x86
		{598D82B0-09D4-4396-A0CC-63E0C8C1D6F3}.Debug|iPhoneSimulator.ActiveCfg = Debug|x86
		{598D82B0-09D4-4396-A0CC-63E0C8C1D6F3}.Debug|x64.ActiveCfg = Debug|x64
		{598D82B0-09D4-4396-A0CC-63E0C8C1D6F3}.Debug|x64.Build.0 = Debug|x64
		{598D82B0-09D4-4396-A0CC-63E0C8C1D6F3}.Debug|x64.Deploy.0 = Debug|x64
		{598D82B0-09D4-4396-A0CC-63E0C8C1D6F3}.Debug|x86.ActiveCfg = Debug|x86
		{598D82B0-09D4-4396-A0CC-63E0C8C1D6F3}.Debug|x86.Build.0 = Debug|x86
		{598D82B0-09D4-4396-A0CC-63E0C8C1D6F3}.Debug|x86.Deploy.0 = Debug|x86
		{598D82B0-09D4-4396-A0CC-63E0C8C1D6F3}.Release|Any CPU.ActiveCfg = Release|x86
		{598D82B0-09D4-4396-A0CC-63E0C8C1D6F3}.Release|ARM.ActiveCfg = Release|ARM
		{598D82B0-09D4-4396-A0CC-63E0C8C1D6F3}.Release|ARM.Build.0 = Release|ARM
		{598D82B0-09D4-4396-A0CC-63E0C8C1D6F3}.Release|ARM.Deploy.0 = Release|ARM
		{598D82B0-09D4-4396-A0CC-63E0C8C1D6F3}.Release|iPhone.ActiveCfg = Release|x86
		{598D82B0-09D4-4396-A0CC-63E0C8C1D6F3}.Release|iPhoneSimulator.ActiveCfg = Release|x86
		{598D82B0-09D4-4396-A0CC-63E0C8C1D6F3}.Release|x64.ActiveCfg = Release|x64
		{598D82B0-09D4-4396-A0CC-63E0C8C1D6F3}.Release|x64.Build.0 = Release|x64
		{598D82B0-09D4-4396-A0CC-63E0C8C1D6F3}.Release|x64.Deploy.0 = Release|x64
		{598D82B0-09D4-4396-A0CC-63E0C8C1D6F3}.Release|x86.ActiveCfg = Release|x86
		{598D82B0-09D4-4396-A0CC-63E0C8C1D6F3}.Release|x86.Build.0 = Release|x86
		{598D82B0-09D4-4396-A0CC-63E0C8C1D6F3}.Release|x86.Deploy.0 = Release|x86
	EndGlobalSection
	GlobalSection(SolutionProperties) = preSolution
		HideSolutionNode = FALSE
	EndGlobalSection
	GlobalSection(ExtensibilityGlobals) = postSolution
		SolutionGuid = {DDDF2E51-D344-4359-98E8-4769D2FAF358}
	EndGlobalSection
EndGlobal
